// !$*UTF8*$!
{
	archiveVersion = 1;
	classes = {
	};
	objectVersion = 48;
	objects = {

/* Begin PBXBuildFile section */
		38985D39203E113A00B31AAF /* AlarmNavigationController.swift in Sources */ = {isa = PBXBuildFile; fileRef = 38985D38203E113A00B31AAF /* AlarmNavigationController.swift */; };
		38985D3B203E1A3400B31AAF /* EventNavigationController.swift in Sources */ = {isa = PBXBuildFile; fileRef = 38985D3A203E1A3400B31AAF /* EventNavigationController.swift */; };
		38E05F82203D054100CE1FDD /* AppDelegate.swift in Sources */ = {isa = PBXBuildFile; fileRef = 38E05F81203D054100CE1FDD /* AppDelegate.swift */; };
		38E05F89203D054100CE1FDD /* Assets.xcassets in Resources */ = {isa = PBXBuildFile; fileRef = 38E05F88203D054100CE1FDD /* Assets.xcassets */; };
		38E05FB0203D104C00CE1FDD /* AlarmDataset.swift in Sources */ = {isa = PBXBuildFile; fileRef = 38E05FAF203D104C00CE1FDD /* AlarmDataset.swift */; };
		38E05FB2203D105B00CE1FDD /* AlarmTableViewController.swift in Sources */ = {isa = PBXBuildFile; fileRef = 38E05FB1203D105B00CE1FDD /* AlarmTableViewController.swift */; };
		38E05FB6203D107800CE1FDD /* NewAlarmViewController.swift in Sources */ = {isa = PBXBuildFile; fileRef = 38E05FB5203D107800CE1FDD /* NewAlarmViewController.swift */; };
		38E05FB8203D48F100CE1FDD /* Default-568h@2x.png in Resources */ = {isa = PBXBuildFile; fileRef = 38E05FB7203D48F100CE1FDD /* Default-568h@2x.png */; };
		38FED3FA203E259500C6B147 /* EventDataSet.swift in Sources */ = {isa = PBXBuildFile; fileRef = 38FED3F9203E259500C6B147 /* EventDataSet.swift */; };
		38FED3FC203E25DA00C6B147 /* EventTableViewController.swift in Sources */ = {isa = PBXBuildFile; fileRef = 38FED3FB203E25DA00C6B147 /* EventTableViewController.swift */; };
		38FED408203E360600C6B147 /* DurationControl.swift in Sources */ = {isa = PBXBuildFile; fileRef = 38FED402203E360500C6B147 /* DurationControl.swift */; };
		38FED409203E360600C6B147 /* ViewHolder.swift in Sources */ = {isa = PBXBuildFile; fileRef = 38FED403203E360600C6B147 /* ViewHolder.swift */; };
		38FED40A203E360600C6B147 /* DayControl.swift in Sources */ = {isa = PBXBuildFile; fileRef = 38FED404203E360600C6B147 /* DayControl.swift */; };
		38FED40B203E360600C6B147 /* ClockView.swift in Sources */ = {isa = PBXBuildFile; fileRef = 38FED405203E360600C6B147 /* ClockView.swift */; };
		38FED40C203E360600C6B147 /* TimeControl.swift in Sources */ = {isa = PBXBuildFile; fileRef = 38FED406203E360600C6B147 /* TimeControl.swift */; };
		38FED40D203E360600C6B147 /* ZoneControl.swift in Sources */ = {isa = PBXBuildFile; fileRef = 38FED407203E360600C6B147 /* ZoneControl.swift */; };
		38FED40F203E3CA800C6B147 /* DaysControl.swift in Sources */ = {isa = PBXBuildFile; fileRef = 38FED40E203E3CA800C6B147 /* DaysControl.swift */; };
		38FED411203E3CB400C6B147 /* RepeatingControl.swift in Sources */ = {isa = PBXBuildFile; fileRef = 38FED410203E3CB400C6B147 /* RepeatingControl.swift */; };
		38FED415203E542100C6B147 /* NameControl.swift in Sources */ = {isa = PBXBuildFile; fileRef = 38FED414203E542100C6B147 /* NameControl.swift */; };
		38FED417203E6BB600C6B147 /* EditAlarmViewController.swift in Sources */ = {isa = PBXBuildFile; fileRef = 38FED416203E6BB600C6B147 /* EditAlarmViewController.swift */; };
/* End PBXBuildFile section */

/* Begin PBXContainerItemProxy section */
		38E05F93203D054200CE1FDD /* PBXContainerItemProxy */ = {
			isa = PBXContainerItemProxy;
			containerPortal = 38E05F76203D054100CE1FDD /* Project object */;
			proxyType = 1;
			remoteGlobalIDString = 38E05F7D203D054100CE1FDD;
			remoteInfo = Elephant;
		};
		38E05F9E203D054200CE1FDD /* PBXContainerItemProxy */ = {
			isa = PBXContainerItemProxy;
			containerPortal = 38E05F76203D054100CE1FDD /* Project object */;
			proxyType = 1;
			remoteGlobalIDString = 38E05F7D203D054100CE1FDD;
			remoteInfo = Elephant;
		};
/* End PBXContainerItemProxy section */

/* Begin PBXFileReference section */
		38985D38203E113A00B31AAF /* AlarmNavigationController.swift */ = {isa = PBXFileReference; lastKnownFileType = sourcecode.swift; path = AlarmNavigationController.swift; sourceTree = "<group>"; };
		38985D3A203E1A3400B31AAF /* EventNavigationController.swift */ = {isa = PBXFileReference; lastKnownFileType = sourcecode.swift; path = EventNavigationController.swift; sourceTree = "<group>"; };
		38E05F7E203D054100CE1FDD /* Elephant.app */ = {isa = PBXFileReference; explicitFileType = wrapper.application; includeInIndex = 0; path = Elephant.app; sourceTree = BUILT_PRODUCTS_DIR; };
		38E05F81203D054100CE1FDD /* AppDelegate.swift */ = {isa = PBXFileReference; lastKnownFileType = sourcecode.swift; path = AppDelegate.swift; sourceTree = "<group>"; };
		38E05F88203D054100CE1FDD /* Assets.xcassets */ = {isa = PBXFileReference; lastKnownFileType = folder.assetcatalog; path = Assets.xcassets; sourceTree = "<group>"; };
		38E05F8D203D054100CE1FDD /* Info.plist */ = {isa = PBXFileReference; lastKnownFileType = text.plist.xml; path = Info.plist; sourceTree = "<group>"; };
		38E05F92203D054200CE1FDD /* ElephantTests.xctest */ = {isa = PBXFileReference; explicitFileType = wrapper.cfbundle; includeInIndex = 0; path = ElephantTests.xctest; sourceTree = BUILT_PRODUCTS_DIR; };
		38E05F9D203D054200CE1FDD /* ElephantUITests.xctest */ = {isa = PBXFileReference; explicitFileType = wrapper.cfbundle; includeInIndex = 0; path = ElephantUITests.xctest; sourceTree = BUILT_PRODUCTS_DIR; };
		38E05FAF203D104C00CE1FDD /* AlarmDataset.swift */ = {isa = PBXFileReference; lastKnownFileType = sourcecode.swift; path = AlarmDataset.swift; sourceTree = "<group>"; };
		38E05FB1203D105B00CE1FDD /* AlarmTableViewController.swift */ = {isa = PBXFileReference; lastKnownFileType = sourcecode.swift; path = AlarmTableViewController.swift; sourceTree = "<group>"; };
		38E05FB5203D107800CE1FDD /* NewAlarmViewController.swift */ = {isa = PBXFileReference; lastKnownFileType = sourcecode.swift; path = NewAlarmViewController.swift; sourceTree = "<group>"; };
		38E05FB7203D48F100CE1FDD /* Default-568h@2x.png */ = {isa = PBXFileReference; lastKnownFileType = image.png; path = "Default-568h@2x.png"; sourceTree = "<group>"; };
		38FED3F9203E259500C6B147 /* EventDataSet.swift */ = {isa = PBXFileReference; lastKnownFileType = sourcecode.swift; path = EventDataSet.swift; sourceTree = "<group>"; };
		38FED3FB203E25DA00C6B147 /* EventTableViewController.swift */ = {isa = PBXFileReference; lastKnownFileType = sourcecode.swift; path = EventTableViewController.swift; sourceTree = "<group>"; };
		38FED402203E360500C6B147 /* DurationControl.swift */ = {isa = PBXFileReference; fileEncoding = 4; lastKnownFileType = sourcecode.swift; path = DurationControl.swift; sourceTree = "<group>"; };
		38FED403203E360600C6B147 /* ViewHolder.swift */ = {isa = PBXFileReference; fileEncoding = 4; lastKnownFileType = sourcecode.swift; path = ViewHolder.swift; sourceTree = "<group>"; };
		38FED404203E360600C6B147 /* DayControl.swift */ = {isa = PBXFileReference; fileEncoding = 4; lastKnownFileType = sourcecode.swift; path = DayControl.swift; sourceTree = "<group>"; };
		38FED405203E360600C6B147 /* ClockView.swift */ = {isa = PBXFileReference; fileEncoding = 4; lastKnownFileType = sourcecode.swift; path = ClockView.swift; sourceTree = "<group>"; };
		38FED406203E360600C6B147 /* TimeControl.swift */ = {isa = PBXFileReference; fileEncoding = 4; lastKnownFileType = sourcecode.swift; path = TimeControl.swift; sourceTree = "<group>"; };
		38FED407203E360600C6B147 /* ZoneControl.swift */ = {isa = PBXFileReference; fileEncoding = 4; lastKnownFileType = sourcecode.swift; path = ZoneControl.swift; sourceTree = "<group>"; };
		38FED40E203E3CA800C6B147 /* DaysControl.swift */ = {isa = PBXFileReference; lastKnownFileType = sourcecode.swift; path = DaysControl.swift; sourceTree = "<group>"; };
		38FED410203E3CB400C6B147 /* RepeatingControl.swift */ = {isa = PBXFileReference; lastKnownFileType = sourcecode.swift; path = RepeatingControl.swift; sourceTree = "<group>"; };
		38FED414203E542100C6B147 /* NameControl.swift */ = {isa = PBXFileReference; lastKnownFileType = sourcecode.swift; path = NameControl.swift; sourceTree = "<group>"; };
		38FED416203E6BB600C6B147 /* EditAlarmViewController.swift */ = {isa = PBXFileReference; lastKnownFileType = sourcecode.swift; path = EditAlarmViewController.swift; sourceTree = "<group>"; };
/* End PBXFileReference section */

/* Begin PBXFrameworksBuildPhase section */
		38E05F7B203D054100CE1FDD /* Frameworks */ = {
			isa = PBXFrameworksBuildPhase;
			buildActionMask = 2147483647;
			files = (
			);
			runOnlyForDeploymentPostprocessing = 0;
		};
		38E05F8F203D054200CE1FDD /* Frameworks */ = {
			isa = PBXFrameworksBuildPhase;
			buildActionMask = 2147483647;
			files = (
			);
			runOnlyForDeploymentPostprocessing = 0;
		};
		38E05F9A203D054200CE1FDD /* Frameworks */ = {
			isa = PBXFrameworksBuildPhase;
			buildActionMask = 2147483647;
			files = (
			);
			runOnlyForDeploymentPostprocessing = 0;
		};
/* End PBXFrameworksBuildPhase section */

/* Begin PBXGroup section */
		38B463D4203F974F004B0B92 /* AlarmViews */ = {
			isa = PBXGroup;
			children = (
				38E05FB5203D107800CE1FDD /* NewAlarmViewController.swift */,
				38FED416203E6BB600C6B147 /* EditAlarmViewController.swift */,
			);
			path = AlarmViews;
			sourceTree = "<group>";
		};
		38E05F75203D054100CE1FDD = {
			isa = PBXGroup;
			children = (
				38E05FB7203D48F100CE1FDD /* Default-568h@2x.png */,
				38E05F80203D054100CE1FDD /* Elephant */,
				38E05F7F203D054100CE1FDD /* Products */,
			);
			sourceTree = "<group>";
		};
		38E05F7F203D054100CE1FDD /* Products */ = {
			isa = PBXGroup;
			children = (
				38E05F7E203D054100CE1FDD /* Elephant.app */,
				38E05F92203D054200CE1FDD /* ElephantTests.xctest */,
				38E05F9D203D054200CE1FDD /* ElephantUITests.xctest */,
			);
			name = Products;
			sourceTree = "<group>";
		};
		38E05F80203D054100CE1FDD /* Elephant */ = {
			isa = PBXGroup;
			children = (
				38E05F81203D054100CE1FDD /* AppDelegate.swift */,
				38E05F88203D054100CE1FDD /* Assets.xcassets */,
				38FED401203E35B000C6B147 /* CLOCK */,
				38FED3FF203E31D500C6B147 /* TableViewControllers */,
				38FED3FE203E317600C6B147 /* Data */,
				38FED3FD203E316D00C6B147 /* NavigationControllers */,
				38B463D4203F974F004B0B92 /* AlarmViews */,
				38E05F8D203D054100CE1FDD /* Info.plist */,
			);
			path = Elephant;
			sourceTree = "<group>";
		};
		38FED3FD203E316D00C6B147 /* NavigationControllers */ = {
			isa = PBXGroup;
			children = (
				38985D38203E113A00B31AAF /* AlarmNavigationController.swift */,
				38985D3A203E1A3400B31AAF /* EventNavigationController.swift */,
			);
			path = NavigationControllers;
			sourceTree = "<group>";
		};
		38FED3FE203E317600C6B147 /* Data */ = {
			isa = PBXGroup;
			children = (
				38E05FAF203D104C00CE1FDD /* AlarmDataset.swift */,
				38FED3F9203E259500C6B147 /* EventDataSet.swift */,
			);
			path = Data;
			sourceTree = "<group>";
		};
		38FED3FF203E31D500C6B147 /* TableViewControllers */ = {
			isa = PBXGroup;
			children = (
				38E05FB1203D105B00CE1FDD /* AlarmTableViewController.swift */,
				38FED3FB203E25DA00C6B147 /* EventTableViewController.swift */,
			);
			path = TableViewControllers;
			sourceTree = "<group>";
		};
		38FED401203E35B000C6B147 /* CLOCK */ = {
			isa = PBXGroup;
			children = (
				38FED403203E360600C6B147 /* ViewHolder.swift */,
				38FED405203E360600C6B147 /* ClockView.swift */,
				38FED404203E360600C6B147 /* DayControl.swift */,
				38FED402203E360500C6B147 /* DurationControl.swift */,
				38FED406203E360600C6B147 /* TimeControl.swift */,
				38FED407203E360600C6B147 /* ZoneControl.swift */,
				38FED40E203E3CA800C6B147 /* DaysControl.swift */,
				38FED410203E3CB400C6B147 /* RepeatingControl.swift */,
				38FED414203E542100C6B147 /* NameControl.swift */,
			);
			path = CLOCK;
			sourceTree = "<group>";
		};
/* End PBXGroup section */

/* Begin PBXNativeTarget section */
		38E05F7D203D054100CE1FDD /* Elephant */ = {
			isa = PBXNativeTarget;
			buildConfigurationList = 38E05FA6203D054200CE1FDD /* Build configuration list for PBXNativeTarget "Elephant" */;
			buildPhases = (
				38E05F7A203D054100CE1FDD /* Sources */,
				38E05F7B203D054100CE1FDD /* Frameworks */,
				38E05F7C203D054100CE1FDD /* Resources */,
			);
			buildRules = (
			);
			dependencies = (
			);
			name = Elephant;
			productName = Elephant;
			productReference = 38E05F7E203D054100CE1FDD /* Elephant.app */;
			productType = "com.apple.product-type.application";
		};
		38E05F91203D054200CE1FDD /* ElephantTests */ = {
			isa = PBXNativeTarget;
			buildConfigurationList = 38E05FA9203D054200CE1FDD /* Build configuration list for PBXNativeTarget "ElephantTests" */;
			buildPhases = (
				38E05F8E203D054200CE1FDD /* Sources */,
				38E05F8F203D054200CE1FDD /* Frameworks */,
				38E05F90203D054200CE1FDD /* Resources */,
			);
			buildRules = (
			);
			dependencies = (
				38E05F94203D054200CE1FDD /* PBXTargetDependency */,
			);
			name = ElephantTests;
			productName = ElephantTests;
			productReference = 38E05F92203D054200CE1FDD /* ElephantTests.xctest */;
			productType = "com.apple.product-type.bundle.unit-test";
		};
		38E05F9C203D054200CE1FDD /* ElephantUITests */ = {
			isa = PBXNativeTarget;
			buildConfigurationList = 38E05FAC203D054200CE1FDD /* Build configuration list for PBXNativeTarget "ElephantUITests" */;
			buildPhases = (
				38E05F99203D054200CE1FDD /* Sources */,
				38E05F9A203D054200CE1FDD /* Frameworks */,
				38E05F9B203D054200CE1FDD /* Resources */,
			);
			buildRules = (
			);
			dependencies = (
				38E05F9F203D054200CE1FDD /* PBXTargetDependency */,
			);
			name = ElephantUITests;
			productName = ElephantUITests;
			productReference = 38E05F9D203D054200CE1FDD /* ElephantUITests.xctest */;
			productType = "com.apple.product-type.bundle.ui-testing";
		};
/* End PBXNativeTarget section */

/* Begin PBXProject section */
		38E05F76203D054100CE1FDD /* Project object */ = {
			isa = PBXProject;
			attributes = {
				LastSwiftUpdateCheck = 0920;
				LastUpgradeCheck = 0920;
				ORGANIZATIONNAME = "Caelan Dailey";
				TargetAttributes = {
					38E05F7D203D054100CE1FDD = {
						CreatedOnToolsVersion = 9.2;
						ProvisioningStyle = Automatic;
					};
					38E05F91203D054200CE1FDD = {
						CreatedOnToolsVersion = 9.2;
						ProvisioningStyle = Automatic;
						TestTargetID = 38E05F7D203D054100CE1FDD;
					};
					38E05F9C203D054200CE1FDD = {
						CreatedOnToolsVersion = 9.2;
						ProvisioningStyle = Automatic;
						TestTargetID = 38E05F7D203D054100CE1FDD;
					};
				};
			};
			buildConfigurationList = 38E05F79203D054100CE1FDD /* Build configuration list for PBXProject "Elephant" */;
			compatibilityVersion = "Xcode 8.0";
			developmentRegion = en;
			hasScannedForEncodings = 0;
			knownRegions = (
				en,
				Base,
			);
			mainGroup = 38E05F75203D054100CE1FDD;
			productRefGroup = 38E05F7F203D054100CE1FDD /* Products */;
			projectDirPath = "";
			projectRoot = "";
			targets = (
				38E05F7D203D054100CE1FDD /* Elephant */,
				38E05F91203D054200CE1FDD /* ElephantTests */,
				38E05F9C203D054200CE1FDD /* ElephantUITests */,
			);
		};
/* End PBXProject section */

/* Begin PBXResourcesBuildPhase section */
		38E05F7C203D054100CE1FDD /* Resources */ = {
			isa = PBXResourcesBuildPhase;
			buildActionMask = 2147483647;
			files = (
				38E05F89203D054100CE1FDD /* Assets.xcassets in Resources */,
				38E05FB8203D48F100CE1FDD /* Default-568h@2x.png in Resources */,
			);
			runOnlyForDeploymentPostprocessing = 0;
		};
		38E05F90203D054200CE1FDD /* Resources */ = {
			isa = PBXResourcesBuildPhase;
			buildActionMask = 2147483647;
			files = (
			);
			runOnlyForDeploymentPostprocessing = 0;
		};
		38E05F9B203D054200CE1FDD /* Resources */ = {
			isa = PBXResourcesBuildPhase;
			buildActionMask = 2147483647;
			files = (
			);
			runOnlyForDeploymentPostprocessing = 0;
		};
/* End PBXResourcesBuildPhase section */

/* Begin PBXSourcesBuildPhase section */
		38E05F7A203D054100CE1FDD /* Sources */ = {
			isa = PBXSourcesBuildPhase;
			buildActionMask = 2147483647;
			files = (
				38FED411203E3CB400C6B147 /* RepeatingControl.swift in Sources */,
				38FED417203E6BB600C6B147 /* EditAlarmViewController.swift in Sources */,
				38E05FB0203D104C00CE1FDD /* AlarmDataset.swift in Sources */,
				38985D39203E113A00B31AAF /* AlarmNavigationController.swift in Sources */,
				38985D3B203E1A3400B31AAF /* EventNavigationController.swift in Sources */,
				38FED3FC203E25DA00C6B147 /* EventTableViewController.swift in Sources */,
				38FED408203E360600C6B147 /* DurationControl.swift in Sources */,
				38FED40C203E360600C6B147 /* TimeControl.swift in Sources */,
				38E05FB6203D107800CE1FDD /* NewAlarmViewController.swift in Sources */,
				38FED40D203E360600C6B147 /* ZoneControl.swift in Sources */,
				38FED409203E360600C6B147 /* ViewHolder.swift in Sources */,
				38FED40A203E360600C6B147 /* DayControl.swift in Sources */,
				38FED415203E542100C6B147 /* NameControl.swift in Sources */,
				38E05FB2203D105B00CE1FDD /* AlarmTableViewController.swift in Sources */,
				38FED40B203E360600C6B147 /* ClockView.swift in Sources */,
				38FED3FA203E259500C6B147 /* EventDataSet.swift in Sources */,
				38FED40F203E3CA800C6B147 /* DaysControl.swift in Sources */,
				38E05F82203D054100CE1FDD /* AppDelegate.swift in Sources */,
			);
			runOnlyForDeploymentPostprocessing = 0;
		};
		38E05F8E203D054200CE1FDD /* Sources */ = {
			isa = PBXSourcesBuildPhase;
			buildActionMask = 2147483647;
			files = (
			);
			runOnlyForDeploymentPostprocessing = 0;
		};
		38E05F99203D054200CE1FDD /* Sources */ = {
			isa = PBXSourcesBuildPhase;
			buildActionMask = 2147483647;
			files = (
			);
			runOnlyForDeploymentPostprocessing = 0;
		};
/* End PBXSourcesBuildPhase section */

/* Begin PBXTargetDependency section */
		38E05F94203D054200CE1FDD /* PBXTargetDependency */ = {
			isa = PBXTargetDependency;
			target = 38E05F7D203D054100CE1FDD /* Elephant */;
			targetProxy = 38E05F93203D054200CE1FDD /* PBXContainerItemProxy */;
		};
		38E05F9F203D054200CE1FDD /* PBXTargetDependency */ = {
			isa = PBXTargetDependency;
			target = 38E05F7D203D054100CE1FDD /* Elephant */;
			targetProxy = 38E05F9E203D054200CE1FDD /* PBXContainerItemProxy */;
		};
/* End PBXTargetDependency section */

/* Begin XCBuildConfiguration section */
		38E05FA4203D054200CE1FDD /* Debug */ = {
			isa = XCBuildConfiguration;
			buildSettings = {
				ALWAYS_SEARCH_USER_PATHS = NO;
				CLANG_ANALYZER_NONNULL = YES;
				CLANG_ANALYZER_NUMBER_OBJECT_CONVERSION = YES_AGGRESSIVE;
				CLANG_CXX_LANGUAGE_STANDARD = "gnu++14";
				CLANG_CXX_LIBRARY = "libc++";
				CLANG_ENABLE_MODULES = YES;
				CLANG_ENABLE_OBJC_ARC = YES;
				CLANG_WARN_BLOCK_CAPTURE_AUTORELEASING = YES;
				CLANG_WARN_BOOL_CONVERSION = YES;
				CLANG_WARN_COMMA = YES;
				CLANG_WARN_CONSTANT_CONVERSION = YES;
				CLANG_WARN_DIRECT_OBJC_ISA_USAGE = YES_ERROR;
				CLANG_WARN_DOCUMENTATION_COMMENTS = YES;
				CLANG_WARN_EMPTY_BODY = YES;
				CLANG_WARN_ENUM_CONVERSION = YES;
				CLANG_WARN_INFINITE_RECURSION = YES;
				CLANG_WARN_INT_CONVERSION = YES;
				CLANG_WARN_NON_LITERAL_NULL_CONVERSION = YES;
				CLANG_WARN_OBJC_LITERAL_CONVERSION = YES;
				CLANG_WARN_OBJC_ROOT_CLASS = YES_ERROR;
				CLANG_WARN_RANGE_LOOP_ANALYSIS = YES;
				CLANG_WARN_STRICT_PROTOTYPES = YES;
				CLANG_WARN_SUSPICIOUS_MOVE = YES;
				CLANG_WARN_UNGUARDED_AVAILABILITY = YES_AGGRESSIVE;
				CLANG_WARN_UNREACHABLE_CODE = YES;
				CLANG_WARN__DUPLICATE_METHOD_MATCH = YES;
				CODE_SIGN_IDENTITY = "iPhone Developer";
				COPY_PHASE_STRIP = NO;
				DEBUG_INFORMATION_FORMAT = dwarf;
				ENABLE_STRICT_OBJC_MSGSEND = YES;
				ENABLE_TESTABILITY = YES;
				GCC_C_LANGUAGE_STANDARD = gnu11;
				GCC_DYNAMIC_NO_PIC = NO;
				GCC_NO_COMMON_BLOCKS = YES;
				GCC_OPTIMIZATION_LEVEL = 0;
				GCC_PREPROCESSOR_DEFINITIONS = (
					"DEBUG=1",
					"$(inherited)",
				);
				GCC_WARN_64_TO_32_BIT_CONVERSION = YES;
				GCC_WARN_ABOUT_RETURN_TYPE = YES_ERROR;
				GCC_WARN_UNDECLARED_SELECTOR = YES;
				GCC_WARN_UNINITIALIZED_AUTOS = YES_AGGRESSIVE;
				GCC_WARN_UNUSED_FUNCTION = YES;
				GCC_WARN_UNUSED_VARIABLE = YES;
				IPHONEOS_DEPLOYMENT_TARGET = 11.2;
				MTL_ENABLE_DEBUG_INFO = YES;
				ONLY_ACTIVE_ARCH = YES;
				SDKROOT = iphoneos;
				SWIFT_ACTIVE_COMPILATION_CONDITIONS = DEBUG;
				SWIFT_OPTIMIZATION_LEVEL = "-Onone";
			};
			name = Debug;
		};
		38E05FA5203D054200CE1FDD /* Release */ = {
			isa = XCBuildConfiguration;
			buildSettings = {
				ALWAYS_SEARCH_USER_PATHS = NO;
				CLANG_ANALYZER_NONNULL = YES;
				CLANG_ANALYZER_NUMBER_OBJECT_CONVERSION = YES_AGGRESSIVE;
				CLANG_CXX_LANGUAGE_STANDARD = "gnu++14";
				CLANG_CXX_LIBRARY = "libc++";
				CLANG_ENABLE_MODULES = YES;
				CLANG_ENABLE_OBJC_ARC = YES;
				CLANG_WARN_BLOCK_CAPTURE_AUTORELEASING = YES;
				CLANG_WARN_BOOL_CONVERSION = YES;
				CLANG_WARN_COMMA = YES;
				CLANG_WARN_CONSTANT_CONVERSION = YES;
				CLANG_WARN_DIRECT_OBJC_ISA_USAGE = YES_ERROR;
				CLANG_WARN_DOCUMENTATION_COMMENTS = YES;
				CLANG_WARN_EMPTY_BODY = YES;
				CLANG_WARN_ENUM_CONVERSION = YES;
				CLANG_WARN_INFINITE_RECURSION = YES;
				CLANG_WARN_INT_CONVERSION = YES;
				CLANG_WARN_NON_LITERAL_NULL_CONVERSION = YES;
				CLANG_WARN_OBJC_LITERAL_CONVERSION = YES;
				CLANG_WARN_OBJC_ROOT_CLASS = YES_ERROR;
				CLANG_WARN_RANGE_LOOP_ANALYSIS = YES;
				CLANG_WARN_STRICT_PROTOTYPES = YES;
				CLANG_WARN_SUSPICIOUS_MOVE = YES;
				CLANG_WARN_UNGUARDED_AVAILABILITY = YES_AGGRESSIVE;
				CLANG_WARN_UNREACHABLE_CODE = YES;
				CLANG_WARN__DUPLICATE_METHOD_MATCH = YES;
				CODE_SIGN_IDENTITY = "iPhone Developer";
				COPY_PHASE_STRIP = NO;
				DEBUG_INFORMATION_FORMAT = "dwarf-with-dsym";
				ENABLE_NS_ASSERTIONS = NO;
				ENABLE_STRICT_OBJC_MSGSEND = YES;
				GCC_C_LANGUAGE_STANDARD = gnu11;
				GCC_NO_COMMON_BLOCKS = YES;
				GCC_WARN_64_TO_32_BIT_CONVERSION = YES;
				GCC_WARN_ABOUT_RETURN_TYPE = YES_ERROR;
				GCC_WARN_UNDECLARED_SELECTOR = YES;
				GCC_WARN_UNINITIALIZED_AUTOS = YES_AGGRESSIVE;
				GCC_WARN_UNUSED_FUNCTION = YES;
				GCC_WARN_UNUSED_VARIABLE = YES;
				IPHONEOS_DEPLOYMENT_TARGET = 11.2;
				MTL_ENABLE_DEBUG_INFO = NO;
				SDKROOT = iphoneos;
				SWIFT_OPTIMIZATION_LEVEL = "-Owholemodule";
				VALIDATE_PRODUCT = YES;
			};
			name = Release;
		};
		38E05FA7203D054200CE1FDD /* Debug */ = {
			isa = XCBuildConfiguration;
			buildSettings = {
				ASSETCATALOG_COMPILER_APPICON_NAME = AppIcon;
				CODE_SIGN_STYLE = Automatic;
				DEVELOPMENT_TEAM = N3VBXEQWW6;
				INFOPLIST_FILE = Elephant/Info.plist;
				LD_RUNPATH_SEARCH_PATHS = "$(inherited) @executable_path/Frameworks";
				PRODUCT_BUNDLE_IDENTIFIER = csd.Elephant;
				PRODUCT_NAME = "$(TARGET_NAME)";
				SWIFT_VERSION = 4.0;
				TARGETED_DEVICE_FAMILY = "1,2";
			};
			name = Debug;
		};
		38E05FA8203D054200CE1FDD /* Release */ = {
			isa = XCBuildConfiguration;
			buildSettings = {
				ASSETCATALOG_COMPILER_APPICON_NAME = AppIcon;
				CODE_SIGN_STYLE = Automatic;
				DEVELOPMENT_TEAM = N3VBXEQWW6;
				INFOPLIST_FILE = Elephant/Info.plist;
				LD_RUNPATH_SEARCH_PATHS = "$(inherited) @executable_path/Frameworks";
				PRODUCT_BUNDLE_IDENTIFIER = csd.Elephant;
				PRODUCT_NAME = "$(TARGET_NAME)";
				SWIFT_VERSION = 4.0;
				TARGETED_DEVICE_FAMILY = "1,2";
			};
			name = Release;
		};
		38E05FAA203D054200CE1FDD /* Debug */ = {
			isa = XCBuildConfiguration;
			buildSettings = {
				ALWAYS_EMBED_SWIFT_STANDARD_LIBRARIES = YES;
				BUNDLE_LOADER = "$(TEST_HOST)";
				CODE_SIGN_STYLE = Automatic;
				DEVELOPMENT_TEAM = N3VBXEQWW6;
				INFOPLIST_FILE = ElephantTests/Info.plist;
				LD_RUNPATH_SEARCH_PATHS = "$(inherited) @executable_path/Frameworks @loader_path/Frameworks";
				PRODUCT_BUNDLE_IDENTIFIER = csd.ElephantTests;
				PRODUCT_NAME = "$(TARGET_NAME)";
				SWIFT_VERSION = 4.0;
				TARGETED_DEVICE_FAMILY = "1,2";
				TEST_HOST = "$(BUILT_PRODUCTS_DIR)/Elephant.app/Elephant";
			};
			name = Debug;
		};
		38E05FAB203D054200CE1FDD /* Release */ = {
			isa = XCBuildConfiguration;
			buildSettings = {
				ALWAYS_EMBED_SWIFT_STANDARD_LIBRARIES = YES;
				BUNDLE_LOADER = "$(TEST_HOST)";
				CODE_SIGN_STYLE = Automatic;
				DEVELOPMENT_TEAM = N3VBXEQWW6;
				INFOPLIST_FILE = ElephantTests/Info.plist;
				LD_RUNPATH_SEARCH_PATHS = "$(inherited) @executable_path/Frameworks @loader_path/Frameworks";
				PRODUCT_BUNDLE_IDENTIFIER = csd.ElephantTests;
				PRODUCT_NAME = "$(TARGET_NAME)";
				SWIFT_VERSION = 4.0;
				TARGETED_DEVICE_FAMILY = "1,2";
				TEST_HOST = "$(BUILT_PRODUCTS_DIR)/Elephant.app/Elephant";
			};
			name = Release;
		};
		38E05FAD203D054200CE1FDD /* Debug */ = {
			isa = XCBuildConfiguration;
			buildSettings = {
				ALWAYS_EMBED_SWIFT_STANDARD_LIBRARIES = YES;
				CODE_SIGN_STYLE = Automatic;
				DEVELOPMENT_TEAM = N3VBXEQWW6;
				INFOPLIST_FILE = ElephantUITests/Info.plist;
				LD_RUNPATH_SEARCH_PATHS = "$(inherited) @executable_path/Frameworks @loader_path/Frameworks";
				PRODUCT_BUNDLE_IDENTIFIER = csd.ElephantUITests;
				PRODUCT_NAME = "$(TARGET_NAME)";
				SWIFT_VERSION = 4.0;
				TARGETED_DEVICE_FAMILY = "1,2";
				TEST_TARGET_NAME = Elephant;
			};
			name = Debug;
		};
		38E05FAE203D054200CE1FDD /* Release */ = {
			isa = XCBuildConfiguration;
			buildSettings = {
				ALWAYS_EMBED_SWIFT_STANDARD_LIBRARIES = YES;
				CODE_SIGN_STYLE = Automatic;
				DEVELOPMENT_TEAM = N3VBXEQWW6;
				INFOPLIST_FILE = ElephantUITests/Info.plist;
				LD_RUNPATH_SEARCH_PATHS = "$(inherited) @executable_path/Frameworks @loader_path/Frameworks";
				PRODUCT_BUNDLE_IDENTIFIER = csd.ElephantUITests;
				PRODUCT_NAME = "$(TARGET_NAME)";
				SWIFT_VERSION = 4.0;
				TARGETED_DEVICE_FAMILY = "1,2";
				TEST_TARGET_NAME = Elephant;
			};
			name = Release;
		};
/* End XCBuildConfiguration section */

/* Begin XCConfigurationList section */
		38E05F79203D054100CE1FDD /* Build configuration list for PBXProject "Elephant" */ = {
			isa = XCConfigurationList;
			buildConfigurations = (
				38E05FA4203D054200CE1FDD /* Debug */,
				38E05FA5203D054200CE1FDD /* Release */,
			);
			defaultConfigurationIsVisible = 0;
			defaultConfigurationName = Release;
		};
		38E05FA6203D054200CE1FDD /* Build configuration list for PBXNativeTarget "Elephant" */ = {
			isa = XCConfigurationList;
			buildConfigurations = (
				38E05FA7203D054200CE1FDD /* Debug */,
				38E05FA8203D054200CE1FDD /* Release */,
			);
			defaultConfigurationIsVisible = 0;
			defaultConfigurationName = Release;
		};
		38E05FA9203D054200CE1FDD /* Build configuration list for PBXNativeTarget "ElephantTests" */ = {
			isa = XCConfigurationList;
			buildConfigurations = (
				38E05FAA203D054200CE1FDD /* Debug */,
				38E05FAB203D054200CE1FDD /* Release */,
			);
			defaultConfigurationIsVisible = 0;
			defaultConfigurationName = Release;
		};
		38E05FAC203D054200CE1FDD /* Build configuration list for PBXNativeTarget "ElephantUITests" */ = {
			isa = XCConfigurationList;
			buildConfigurations = (
				38E05FAD203D054200CE1FDD /* Debug */,
				38E05FAE203D054200CE1FDD /* Release */,
			);
			defaultConfigurationIsVisible = 0;
			defaultConfigurationName = Release;
		};
/* End XCConfigurationList section */
	};
	rootObject = 38E05F76203D054100CE1FDD /* Project object */;
}
